// !$*UTF8*$!
{
	archiveVersion = 1;
	classes = {
	};
	objectVersion = 46;
	objects = {

/* Begin PBXBuildFile section */
		9367234317F7751A00CE0209 /* Foundation.framework in Frameworks */ = {isa = PBXBuildFile; fileRef = 9367234217F7751A00CE0209 /* Foundation.framework */; };
		9367234517F7751A00CE0209 /* CoreGraphics.framework in Frameworks */ = {isa = PBXBuildFile; fileRef = 9367234417F7751A00CE0209 /* CoreGraphics.framework */; };
		9367234717F7751A00CE0209 /* UIKit.framework in Frameworks */ = {isa = PBXBuildFile; fileRef = 9367234617F7751A00CE0209 /* UIKit.framework */; };
		9367234917F7751A00CE0209 /* CoreData.framework in Frameworks */ = {isa = PBXBuildFile; fileRef = 9367234817F7751A00CE0209 /* CoreData.framework */; };
		9367234F17F7751A00CE0209 /* InfoPlist.strings in Resources */ = {isa = PBXBuildFile; fileRef = 9367234D17F7751A00CE0209 /* InfoPlist.strings */; };
		9367235117F7751A00CE0209 /* main.m in Sources */ = {isa = PBXBuildFile; fileRef = 9367235017F7751A00CE0209 /* main.m */; };
		9367235517F7751A00CE0209 /* SCRAppDelegate.m in Sources */ = {isa = PBXBuildFile; fileRef = 9367235417F7751A00CE0209 /* SCRAppDelegate.m */; };
		9367235817F7751A00CE0209 /* Scribly.xcdatamodeld in Sources */ = {isa = PBXBuildFile; fileRef = 9367235617F7751A00CE0209 /* Scribly.xcdatamodeld */; };
		9367235A17F7751A00CE0209 /* Images.xcassets in Resources */ = {isa = PBXBuildFile; fileRef = 9367235917F7751A00CE0209 /* Images.xcassets */; };
		9367236117F7751A00CE0209 /* XCTest.framework in Frameworks */ = {isa = PBXBuildFile; fileRef = 9367236017F7751A00CE0209 /* XCTest.framework */; };
		9367236217F7751A00CE0209 /* Foundation.framework in Frameworks */ = {isa = PBXBuildFile; fileRef = 9367234217F7751A00CE0209 /* Foundation.framework */; };
		9367236317F7751A00CE0209 /* UIKit.framework in Frameworks */ = {isa = PBXBuildFile; fileRef = 9367234617F7751A00CE0209 /* UIKit.framework */; };
		9367236417F7751A00CE0209 /* CoreData.framework in Frameworks */ = {isa = PBXBuildFile; fileRef = 9367234817F7751A00CE0209 /* CoreData.framework */; };
		9367236C17F7751A00CE0209 /* InfoPlist.strings in Resources */ = {isa = PBXBuildFile; fileRef = 9367236A17F7751A00CE0209 /* InfoPlist.strings */; };
		9367236E17F7751A00CE0209 /* ScriblyTests.m in Sources */ = {isa = PBXBuildFile; fileRef = 9367236D17F7751A00CE0209 /* ScriblyTests.m */; };
		9367237917F775C500CE0209 /* SCRNoteViewController.m in Sources */ = {isa = PBXBuildFile; fileRef = 9367237817F775C500CE0209 /* SCRNoteViewController.m */; };
		9367238B17F77E2100CE0209 /* SCRNoteManager.m in Sources */ = {isa = PBXBuildFile; fileRef = 9367238A17F77E2100CE0209 /* SCRNoteManager.m */; };
		9367239117F79B8F00CE0209 /* SCRNoteGridView.m in Sources */ = {isa = PBXBuildFile; fileRef = 9367239017F79B8F00CE0209 /* SCRNoteGridView.m */; };
		9367239417F7A06300CE0209 /* NoteCategory.m in Sources */ = {isa = PBXBuildFile; fileRef = 9367239317F7A06300CE0209 /* NoteCategory.m */; };
		9367239717F7A06C00CE0209 /* Note.m in Sources */ = {isa = PBXBuildFile; fileRef = 9367239617F7A06C00CE0209 /* Note.m */; };
		9367239A17F7B01300CE0209 /* SCRCategoryGridViewController.m in Sources */ = {isa = PBXBuildFile; fileRef = 9367239917F7B01300CE0209 /* SCRCategoryGridViewController.m */; };
		9367239D17F7B06A00CE0209 /* SCRCategoryGridView.m in Sources */ = {isa = PBXBuildFile; fileRef = 9367239C17F7B06A00CE0209 /* SCRCategoryGridView.m */; };
		936723A317F7ECEE00CE0209 /* SCRNetwork.m in Sources */ = {isa = PBXBuildFile; fileRef = 936723A217F7ECEE00CE0209 /* SCRNetwork.m */; };
		936723B917F8422000CE0209 /* RFQuiltLayout.m in Sources */ = {isa = PBXBuildFile; fileRef = 936723B817F8422000CE0209 /* RFQuiltLayout.m */; };
		CD0B7E5D91EE4F6F9901480A /* libPods.a in Frameworks */ = {isa = PBXBuildFile; fileRef = 134C868686494E54A792A59E /* libPods.a */; };
/* End PBXBuildFile section */

/* Begin PBXContainerItemProxy section */
		9367236517F7751A00CE0209 /* PBXContainerItemProxy */ = {
			isa = PBXContainerItemProxy;
			containerPortal = 9367233717F7751A00CE0209 /* Project object */;
			proxyType = 1;
			remoteGlobalIDString = 9367233E17F7751A00CE0209;
			remoteInfo = Scribly;
		};
/* End PBXContainerItemProxy section */

/* Begin PBXFileReference section */
		134C868686494E54A792A59E /* libPods.a */ = {isa = PBXFileReference; explicitFileType = archive.ar; includeInIndex = 0; path = libPods.a; sourceTree = BUILT_PRODUCTS_DIR; };
		9367233F17F7751A00CE0209 /* Scribly.app */ = {isa = PBXFileReference; explicitFileType = wrapper.application; includeInIndex = 0; path = Scribly.app; sourceTree = BUILT_PRODUCTS_DIR; };
		9367234217F7751A00CE0209 /* Foundation.framework */ = {isa = PBXFileReference; lastKnownFileType = wrapper.framework; name = Foundation.framework; path = System/Library/Frameworks/Foundation.framework; sourceTree = SDKROOT; };
		9367234417F7751A00CE0209 /* CoreGraphics.framework */ = {isa = PBXFileReference; lastKnownFileType = wrapper.framework; name = CoreGraphics.framework; path = System/Library/Frameworks/CoreGraphics.framework; sourceTree = SDKROOT; };
		9367234617F7751A00CE0209 /* UIKit.framework */ = {isa = PBXFileReference; lastKnownFileType = wrapper.framework; name = UIKit.framework; path = System/Library/Frameworks/UIKit.framework; sourceTree = SDKROOT; };
		9367234817F7751A00CE0209 /* CoreData.framework */ = {isa = PBXFileReference; lastKnownFileType = wrapper.framework; name = CoreData.framework; path = System/Library/Frameworks/CoreData.framework; sourceTree = SDKROOT; };
		9367234C17F7751A00CE0209 /* Scribly-Info.plist */ = {isa = PBXFileReference; lastKnownFileType = text.plist.xml; path = "Scribly-Info.plist"; sourceTree = "<group>"; };
		9367234E17F7751A00CE0209 /* en */ = {isa = PBXFileReference; lastKnownFileType = text.plist.strings; name = en; path = en.lproj/InfoPlist.strings; sourceTree = "<group>"; };
		9367235017F7751A00CE0209 /* main.m */ = {isa = PBXFileReference; lastKnownFileType = sourcecode.c.objc; path = main.m; sourceTree = "<group>"; };
		9367235217F7751A00CE0209 /* Scribly-Prefix.pch */ = {isa = PBXFileReference; lastKnownFileType = sourcecode.c.h; path = "Scribly-Prefix.pch"; sourceTree = "<group>"; };
		9367235317F7751A00CE0209 /* SCRAppDelegate.h */ = {isa = PBXFileReference; lastKnownFileType = sourcecode.c.h; path = SCRAppDelegate.h; sourceTree = "<group>"; };
		9367235417F7751A00CE0209 /* SCRAppDelegate.m */ = {isa = PBXFileReference; lastKnownFileType = sourcecode.c.objc; path = SCRAppDelegate.m; sourceTree = "<group>"; };
		9367235717F7751A00CE0209 /* Scribly.xcdatamodel */ = {isa = PBXFileReference; lastKnownFileType = wrapper.xcdatamodel; path = Scribly.xcdatamodel; sourceTree = "<group>"; };
		9367235917F7751A00CE0209 /* Images.xcassets */ = {isa = PBXFileReference; lastKnownFileType = folder.assetcatalog; path = Images.xcassets; sourceTree = "<group>"; };
		9367235F17F7751A00CE0209 /* ScriblyTests.xctest */ = {isa = PBXFileReference; explicitFileType = wrapper.cfbundle; includeInIndex = 0; path = ScriblyTests.xctest; sourceTree = BUILT_PRODUCTS_DIR; };
		9367236017F7751A00CE0209 /* XCTest.framework */ = {isa = PBXFileReference; lastKnownFileType = wrapper.framework; name = XCTest.framework; path = Library/Frameworks/XCTest.framework; sourceTree = DEVELOPER_DIR; };
		9367236917F7751A00CE0209 /* ScriblyTests-Info.plist */ = {isa = PBXFileReference; lastKnownFileType = text.plist.xml; path = "ScriblyTests-Info.plist"; sourceTree = "<group>"; };
		9367236B17F7751A00CE0209 /* en */ = {isa = PBXFileReference; lastKnownFileType = text.plist.strings; name = en; path = en.lproj/InfoPlist.strings; sourceTree = "<group>"; };
		9367236D17F7751A00CE0209 /* ScriblyTests.m */ = {isa = PBXFileReference; lastKnownFileType = sourcecode.c.objc; path = ScriblyTests.m; sourceTree = "<group>"; };
		9367237717F775C500CE0209 /* SCRNoteViewController.h */ = {isa = PBXFileReference; fileEncoding = 4; lastKnownFileType = sourcecode.c.h; path = SCRNoteViewController.h; sourceTree = "<group>"; };
		9367237817F775C500CE0209 /* SCRNoteViewController.m */ = {isa = PBXFileReference; fileEncoding = 4; lastKnownFileType = sourcecode.c.objc; path = SCRNoteViewController.m; sourceTree = "<group>"; };
		9367238917F77E2100CE0209 /* SCRNoteManager.h */ = {isa = PBXFileReference; fileEncoding = 4; lastKnownFileType = sourcecode.c.h; path = SCRNoteManager.h; sourceTree = "<group>"; };
		9367238A17F77E2100CE0209 /* SCRNoteManager.m */ = {isa = PBXFileReference; fileEncoding = 4; lastKnownFileType = sourcecode.c.objc; path = SCRNoteManager.m; sourceTree = "<group>"; };
		9367238F17F79B8F00CE0209 /* SCRNoteGridView.h */ = {isa = PBXFileReference; fileEncoding = 4; lastKnownFileType = sourcecode.c.h; path = SCRNoteGridView.h; sourceTree = "<group>"; };
		9367239017F79B8F00CE0209 /* SCRNoteGridView.m */ = {isa = PBXFileReference; fileEncoding = 4; lastKnownFileType = sourcecode.c.objc; path = SCRNoteGridView.m; sourceTree = "<group>"; };
		9367239217F7A06300CE0209 /* NoteCategory.h */ = {isa = PBXFileReference; fileEncoding = 4; lastKnownFileType = sourcecode.c.h; name = NoteCategory.h; path = ../NoteCategory.h; sourceTree = "<group>"; };
		9367239317F7A06300CE0209 /* NoteCategory.m */ = {isa = PBXFileReference; fileEncoding = 4; lastKnownFileType = sourcecode.c.objc; name = NoteCategory.m; path = ../NoteCategory.m; sourceTree = "<group>"; };
		9367239517F7A06C00CE0209 /* Note.h */ = {isa = PBXFileReference; fileEncoding = 4; lastKnownFileType = sourcecode.c.h; path = Note.h; sourceTree = "<group>"; };
		9367239617F7A06C00CE0209 /* Note.m */ = {isa = PBXFileReference; fileEncoding = 4; lastKnownFileType = sourcecode.c.objc; path = Note.m; sourceTree = "<group>"; };
		9367239817F7B01300CE0209 /* SCRCategoryGridViewController.h */ = {isa = PBXFileReference; fileEncoding = 4; lastKnownFileType = sourcecode.c.h; path = SCRCategoryGridViewController.h; sourceTree = "<group>"; };
		9367239917F7B01300CE0209 /* SCRCategoryGridViewController.m */ = {isa = PBXFileReference; fileEncoding = 4; lastKnownFileType = sourcecode.c.objc; path = SCRCategoryGridViewController.m; sourceTree = "<group>"; };
		9367239B17F7B06A00CE0209 /* SCRCategoryGridView.h */ = {isa = PBXFileReference; fileEncoding = 4; lastKnownFileType = sourcecode.c.h; path = SCRCategoryGridView.h; sourceTree = "<group>"; };
		9367239C17F7B06A00CE0209 /* SCRCategoryGridView.m */ = {isa = PBXFileReference; fileEncoding = 4; lastKnownFileType = sourcecode.c.objc; path = SCRCategoryGridView.m; sourceTree = "<group>"; };
		936723A117F7ECEE00CE0209 /* SCRNetwork.h */ = {isa = PBXFileReference; fileEncoding = 4; lastKnownFileType = sourcecode.c.h; path = SCRNetwork.h; sourceTree = "<group>"; };
		936723A217F7ECEE00CE0209 /* SCRNetwork.m */ = {isa = PBXFileReference; fileEncoding = 4; lastKnownFileType = sourcecode.c.objc; path = SCRNetwork.m; sourceTree = "<group>"; };
		936723B717F8422000CE0209 /* RFQuiltLayout.h */ = {isa = PBXFileReference; fileEncoding = 4; lastKnownFileType = sourcecode.c.h; path = RFQuiltLayout.h; sourceTree = "<group>"; };
		936723B817F8422000CE0209 /* RFQuiltLayout.m */ = {isa = PBXFileReference; fileEncoding = 4; lastKnownFileType = sourcecode.c.objc; path = RFQuiltLayout.m; sourceTree = "<group>"; };
		EF1A857AE02440FA9998FC8B /* Pods.xcconfig */ = {isa = PBXFileReference; includeInIndex = 1; lastKnownFileType = text.xcconfig; name = Pods.xcconfig; path = Pods/Pods.xcconfig; sourceTree = "<group>"; };
/* End PBXFileReference section */

/* Begin PBXFrameworksBuildPhase section */
		9367233C17F7751A00CE0209 /* Frameworks */ = {
			isa = PBXFrameworksBuildPhase;
			buildActionMask = 2147483647;
			files = (
				9367234517F7751A00CE0209 /* CoreGraphics.framework in Frameworks */,
				9367234917F7751A00CE0209 /* CoreData.framework in Frameworks */,
				9367234717F7751A00CE0209 /* UIKit.framework in Frameworks */,
				9367234317F7751A00CE0209 /* Foundation.framework in Frameworks */,
				CD0B7E5D91EE4F6F9901480A /* libPods.a in Frameworks */,
			);
			runOnlyForDeploymentPostprocessing = 0;
		};
		9367235C17F7751A00CE0209 /* Frameworks */ = {
			isa = PBXFrameworksBuildPhase;
			buildActionMask = 2147483647;
			files = (
				9367236117F7751A00CE0209 /* XCTest.framework in Frameworks */,
				9367236417F7751A00CE0209 /* CoreData.framework in Frameworks */,
				9367236317F7751A00CE0209 /* UIKit.framework in Frameworks */,
				9367236217F7751A00CE0209 /* Foundation.framework in Frameworks */,
			);
			runOnlyForDeploymentPostprocessing = 0;
		};
/* End PBXFrameworksBuildPhase section */

/* Begin PBXGroup section */
		9367233617F7751A00CE0209 = {
			isa = PBXGroup;
			children = (
				9367234A17F7751A00CE0209 /* Scribly */,
				9367236717F7751A00CE0209 /* ScriblyTests */,
				9367234117F7751A00CE0209 /* Frameworks */,
				9367234017F7751A00CE0209 /* Products */,
				EF1A857AE02440FA9998FC8B /* Pods.xcconfig */,
			);
			sourceTree = "<group>";
		};
		9367234017F7751A00CE0209 /* Products */ = {
			isa = PBXGroup;
			children = (
				9367233F17F7751A00CE0209 /* Scribly.app */,
				9367235F17F7751A00CE0209 /* ScriblyTests.xctest */,
			);
			name = Products;
			sourceTree = "<group>";
		};
		9367234117F7751A00CE0209 /* Frameworks */ = {
			isa = PBXGroup;
			children = (
				9367234217F7751A00CE0209 /* Foundation.framework */,
				9367234417F7751A00CE0209 /* CoreGraphics.framework */,
				9367234617F7751A00CE0209 /* UIKit.framework */,
				9367234817F7751A00CE0209 /* CoreData.framework */,
				9367236017F7751A00CE0209 /* XCTest.framework */,
				134C868686494E54A792A59E /* libPods.a */,
			);
			name = Frameworks;
			sourceTree = "<group>";
		};
		9367234A17F7751A00CE0209 /* Scribly */ = {
			isa = PBXGroup;
			children = (
				9367235317F7751A00CE0209 /* SCRAppDelegate.h */,
				9367235417F7751A00CE0209 /* SCRAppDelegate.m */,
				9367237717F775C500CE0209 /* SCRNoteViewController.h */,
				9367237817F775C500CE0209 /* SCRNoteViewController.m */,
				9367239817F7B01300CE0209 /* SCRCategoryGridViewController.h */,
				9367239917F7B01300CE0209 /* SCRCategoryGridViewController.m */,
				9367238F17F79B8F00CE0209 /* SCRNoteGridView.h */,
				9367239017F79B8F00CE0209 /* SCRNoteGridView.m */,
				9367239B17F7B06A00CE0209 /* SCRCategoryGridView.h */,
				9367239C17F7B06A00CE0209 /* SCRCategoryGridView.m */,
				9367235917F7751A00CE0209 /* Images.xcassets */,
				9367235617F7751A00CE0209 /* Scribly.xcdatamodeld */,
				9367239517F7A06C00CE0209 /* Note.h */,
				9367239617F7A06C00CE0209 /* Note.m */,
				9367239217F7A06300CE0209 /* NoteCategory.h */,
				9367239317F7A06300CE0209 /* NoteCategory.m */,
				9367238917F77E2100CE0209 /* SCRNoteManager.h */,
				9367238A17F77E2100CE0209 /* SCRNoteManager.m */,
				936723A117F7ECEE00CE0209 /* SCRNetwork.h */,
				936723A217F7ECEE00CE0209 /* SCRNetwork.m */,
				936723B717F8422000CE0209 /* RFQuiltLayout.h */,
				936723B817F8422000CE0209 /* RFQuiltLayout.m */,
				9367234B17F7751A00CE0209 /* Supporting Files */,
			);
			path = Scribly;
			sourceTree = "<group>";
		};
		9367234B17F7751A00CE0209 /* Supporting Files */ = {
			isa = PBXGroup;
			children = (
				9367234C17F7751A00CE0209 /* Scribly-Info.plist */,
				9367234D17F7751A00CE0209 /* InfoPlist.strings */,
				9367235017F7751A00CE0209 /* main.m */,
				9367235217F7751A00CE0209 /* Scribly-Prefix.pch */,
			);
			name = "Supporting Files";
			sourceTree = "<group>";
		};
		9367236717F7751A00CE0209 /* ScriblyTests */ = {
			isa = PBXGroup;
			children = (
				9367236D17F7751A00CE0209 /* ScriblyTests.m */,
				9367236817F7751A00CE0209 /* Supporting Files */,
			);
			path = ScriblyTests;
			sourceTree = "<group>";
		};
		9367236817F7751A00CE0209 /* Supporting Files */ = {
			isa = PBXGroup;
			children = (
				9367236917F7751A00CE0209 /* ScriblyTests-Info.plist */,
				9367236A17F7751A00CE0209 /* InfoPlist.strings */,
			);
			name = "Supporting Files";
			sourceTree = "<group>";
		};
/* End PBXGroup section */

/* Begin PBXNativeTarget section */
		9367233E17F7751A00CE0209 /* Scribly */ = {
			isa = PBXNativeTarget;
			buildConfigurationList = 9367237117F7751A00CE0209 /* Build configuration list for PBXNativeTarget "Scribly" */;
			buildPhases = (
				49D2113E7B1E4E2B85AD0E88 /* Check Pods Manifest.lock */,
				9367233B17F7751A00CE0209 /* Sources */,
				9367233C17F7751A00CE0209 /* Frameworks */,
				9367233D17F7751A00CE0209 /* Resources */,
				7584DE4DD2A54E5A861802AE /* Copy Pods Resources */,
			);
			buildRules = (
			);
			dependencies = (
			);
			name = Scribly;
			productName = Scribly;
			productReference = 9367233F17F7751A00CE0209 /* Scribly.app */;
			productType = "com.apple.product-type.application";
		};
		9367235E17F7751A00CE0209 /* ScriblyTests */ = {
			isa = PBXNativeTarget;
			buildConfigurationList = 9367237417F7751A00CE0209 /* Build configuration list for PBXNativeTarget "ScriblyTests" */;
			buildPhases = (
				9367235B17F7751A00CE0209 /* Sources */,
				9367235C17F7751A00CE0209 /* Frameworks */,
				9367235D17F7751A00CE0209 /* Resources */,
			);
			buildRules = (
			);
			dependencies = (
				9367236617F7751A00CE0209 /* PBXTargetDependency */,
			);
			name = ScriblyTests;
			productName = ScriblyTests;
			productReference = 9367235F17F7751A00CE0209 /* ScriblyTests.xctest */;
			productType = "com.apple.product-type.bundle.unit-test";
		};
/* End PBXNativeTarget section */

/* Begin PBXProject section */
		9367233717F7751A00CE0209 /* Project object */ = {
			isa = PBXProject;
			attributes = {
				CLASSPREFIX = SCR;
				LastUpgradeCheck = 0500;
				ORGANIZATIONNAME = "Aaron Morais";
				TargetAttributes = {
					9367233E17F7751A00CE0209 = {
						DevelopmentTeam = 54RS939N27;
					};
					9367235E17F7751A00CE0209 = {
						TestTargetID = 9367233E17F7751A00CE0209;
					};
				};
			};
			buildConfigurationList = 9367233A17F7751A00CE0209 /* Build configuration list for PBXProject "Scribly" */;
			compatibilityVersion = "Xcode 3.2";
			developmentRegion = English;
			hasScannedForEncodings = 0;
			knownRegions = (
				en,
			);
			mainGroup = 9367233617F7751A00CE0209;
			productRefGroup = 9367234017F7751A00CE0209 /* Products */;
			projectDirPath = "";
			projectRoot = "";
			targets = (
				9367233E17F7751A00CE0209 /* Scribly */,
				9367235E17F7751A00CE0209 /* ScriblyTests */,
			);
		};
/* End PBXProject section */

/* Begin PBXResourcesBuildPhase section */
		9367233D17F7751A00CE0209 /* Resources */ = {
			isa = PBXResourcesBuildPhase;
			buildActionMask = 2147483647;
			files = (
				9367234F17F7751A00CE0209 /* InfoPlist.strings in Resources */,
				9367235A17F7751A00CE0209 /* Images.xcassets in Resources */,
			);
			runOnlyForDeploymentPostprocessing = 0;
		};
		9367235D17F7751A00CE0209 /* Resources */ = {
			isa = PBXResourcesBuildPhase;
			buildActionMask = 2147483647;
			files = (
				9367236C17F7751A00CE0209 /* InfoPlist.strings in Resources */,
			);
			runOnlyForDeploymentPostprocessing = 0;
		};
/* End PBXResourcesBuildPhase section */

/* Begin PBXShellScriptBuildPhase section */
		49D2113E7B1E4E2B85AD0E88 /* Check Pods Manifest.lock */ = {
			isa = PBXShellScriptBuildPhase;
			buildActionMask = 2147483647;
			files = (
			);
			inputPaths = (
			);
			name = "Check Pods Manifest.lock";
			outputPaths = (
			);
			runOnlyForDeploymentPostprocessing = 0;
			shellPath = /bin/sh;
			shellScript = "diff \"${PODS_ROOT}/../Podfile.lock\" \"${PODS_ROOT}/Manifest.lock\" > /dev/null\nif [[ $? != 0 ]] ; then\n    cat << EOM\nerror: The sandbox is not in sync with the Podfile.lock. Run 'pod install' or update your CocoaPods installation.\nEOM\n    exit 1\nfi\n";
			showEnvVarsInLog = 0;
		};
		7584DE4DD2A54E5A861802AE /* Copy Pods Resources */ = {
			isa = PBXShellScriptBuildPhase;
			buildActionMask = 2147483647;
			files = (
			);
			inputPaths = (
			);
			name = "Copy Pods Resources";
			outputPaths = (
			);
			runOnlyForDeploymentPostprocessing = 0;
			shellPath = /bin/sh;
			shellScript = "\"${SRCROOT}/Pods/Pods-resources.sh\"\n";
			showEnvVarsInLog = 0;
		};
/* End PBXShellScriptBuildPhase section */

/* Begin PBXSourcesBuildPhase section */
		9367233B17F7751A00CE0209 /* Sources */ = {
			isa = PBXSourcesBuildPhase;
			buildActionMask = 2147483647;
			files = (
				9367239417F7A06300CE0209 /* NoteCategory.m in Sources */,
				936723A317F7ECEE00CE0209 /* SCRNetwork.m in Sources */,
				9367239D17F7B06A00CE0209 /* SCRCategoryGridView.m in Sources */,
				936723B917F8422000CE0209 /* RFQuiltLayout.m in Sources */,
				9367235817F7751A00CE0209 /* Scribly.xcdatamodeld in Sources */,
				9367235117F7751A00CE0209 /* main.m in Sources */,
				9367239117F79B8F00CE0209 /* SCRNoteGridView.m in Sources */,
				9367235517F7751A00CE0209 /* SCRAppDelegate.m in Sources */,
				9367238B17F77E2100CE0209 /* SCRNoteManager.m in Sources */,
				9367239A17F7B01300CE0209 /* SCRCategoryGridViewController.m in Sources */,
				9367237917F775C500CE0209 /* SCRNoteViewController.m in Sources */,
				9367239717F7A06C00CE0209 /* Note.m in Sources */,
			);
			runOnlyForDeploymentPostprocessing = 0;
		};
		9367235B17F7751A00CE0209 /* Sources */ = {
			isa = PBXSourcesBuildPhase;
			buildActionMask = 2147483647;
			files = (
				9367236E17F7751A00CE0209 /* ScriblyTests.m in Sources */,
			);
			runOnlyForDeploymentPostprocessing = 0;
		};
/* End PBXSourcesBuildPhase section */

/* Begin PBXTargetDependency section */
		9367236617F7751A00CE0209 /* PBXTargetDependency */ = {
			isa = PBXTargetDependency;
			target = 9367233E17F7751A00CE0209 /* Scribly */;
			targetProxy = 9367236517F7751A00CE0209 /* PBXContainerItemProxy */;
		};
/* End PBXTargetDependency section */

/* Begin PBXVariantGroup section */
		9367234D17F7751A00CE0209 /* InfoPlist.strings */ = {
			isa = PBXVariantGroup;
			children = (
				9367234E17F7751A00CE0209 /* en */,
			);
			name = InfoPlist.strings;
			sourceTree = "<group>";
		};
		9367236A17F7751A00CE0209 /* InfoPlist.strings */ = {
			isa = PBXVariantGroup;
			children = (
				9367236B17F7751A00CE0209 /* en */,
			);
			name = InfoPlist.strings;
			sourceTree = "<group>";
		};
/* End PBXVariantGroup section */

/* Begin XCBuildConfiguration section */
		9367236F17F7751A00CE0209 /* Debug */ = {
			isa = XCBuildConfiguration;
			buildSettings = {
				ALWAYS_SEARCH_USER_PATHS = NO;
				ARCHS = "$(ARCHS_STANDARD_INCLUDING_64_BIT)";
				CLANG_CXX_LANGUAGE_STANDARD = "gnu++0x";
				CLANG_CXX_LIBRARY = "libc++";
				CLANG_ENABLE_MODULES = YES;
				CLANG_ENABLE_OBJC_ARC = YES;
				CLANG_WARN_BOOL_CONVERSION = YES;
				CLANG_WARN_CONSTANT_CONVERSION = YES;
				CLANG_WARN_DIRECT_OBJC_ISA_USAGE = YES_ERROR;
				CLANG_WARN_EMPTY_BODY = YES;
				CLANG_WARN_ENUM_CONVERSION = YES;
				CLANG_WARN_INT_CONVERSION = YES;
				CLANG_WARN_OBJC_ROOT_CLASS = YES_ERROR;
				CLANG_WARN__DUPLICATE_METHOD_MATCH = YES;
				"CODE_SIGN_IDENTITY[sdk=iphoneos*]" = "iPhone Developer";
				COPY_PHASE_STRIP = NO;
				GCC_C_LANGUAGE_STANDARD = gnu99;
				GCC_DYNAMIC_NO_PIC = NO;
				GCC_OPTIMIZATION_LEVEL = 0;
				GCC_PREPROCESSOR_DEFINITIONS = (
					"DEBUG=1",
					"$(inherited)",
				);
				GCC_SYMBOLS_PRIVATE_EXTERN = NO;
				GCC_WARN_64_TO_32_BIT_CONVERSION = YES;
				GCC_WARN_ABOUT_RETURN_TYPE = YES_ERROR;
				GCC_WARN_UNDECLARED_SELECTOR = YES;
				GCC_WARN_UNINITIALIZED_AUTOS = YES;
				GCC_WARN_UNUSED_FUNCTION = YES;
				GCC_WARN_UNUSED_VARIABLE = YES;
				IPHONEOS_DEPLOYMENT_TARGET = 7.0;
				ONLY_ACTIVE_ARCH = YES;
				SDKROOT = iphoneos;
				TARGETED_DEVICE_FAMILY = "1,2";
			};
			name = Debug;
		};
		9367237017F7751A00CE0209 /* Release */ = {
			isa = XCBuildConfiguration;
			buildSettings = {
				ALWAYS_SEARCH_USER_PATHS = NO;
				ARCHS = "$(ARCHS_STANDARD_INCLUDING_64_BIT)";
				CLANG_CXX_LANGUAGE_STANDARD = "gnu++0x";
				CLANG_CXX_LIBRARY = "libc++";
				CLANG_ENABLE_MODULES = YES;
				CLANG_ENABLE_OBJC_ARC = YES;
				CLANG_WARN_BOOL_CONVERSION = YES;
				CLANG_WARN_CONSTANT_CONVERSION = YES;
				CLANG_WARN_DIRECT_OBJC_ISA_USAGE = YES_ERROR;
				CLANG_WARN_EMPTY_BODY = YES;
				CLANG_WARN_ENUM_CONVERSION = YES;
				CLANG_WARN_INT_CONVERSION = YES;
				CLANG_WARN_OBJC_ROOT_CLASS = YES_ERROR;
				CLANG_WARN__DUPLICATE_METHOD_MATCH = YES;
				"CODE_SIGN_IDENTITY[sdk=iphoneos*]" = "iPhone Developer";
				COPY_PHASE_STRIP = YES;
				ENABLE_NS_ASSERTIONS = NO;
				GCC_C_LANGUAGE_STANDARD = gnu99;
				GCC_WARN_64_TO_32_BIT_CONVERSION = YES;
				GCC_WARN_ABOUT_RETURN_TYPE = YES_ERROR;
				GCC_WARN_UNDECLARED_SELECTOR = YES;
				GCC_WARN_UNINITIALIZED_AUTOS = YES;
				GCC_WARN_UNUSED_FUNCTION = YES;
				GCC_WARN_UNUSED_VARIABLE = YES;
				IPHONEOS_DEPLOYMENT_TARGET = 7.0;
				SDKROOT = iphoneos;
				TARGETED_DEVICE_FAMILY = "1,2";
				VALIDATE_PRODUCT = YES;
			};
			name = Release;
		};
		9367237217F7751A00CE0209 /* Debug */ = {
			isa = XCBuildConfiguration;
			baseConfigurationReference = EF1A857AE02440FA9998FC8B /* Pods.xcconfig */;
			buildSettings = {
				ASSETCATALOG_COMPILER_APPICON_NAME = AppIcon;
				ASSETCATALOG_COMPILER_LAUNCHIMAGE_NAME = LaunchImage;
				CODE_SIGN_IDENTITY = "iPhone Developer";
				"CODE_SIGN_IDENTITY[sdk=iphoneos*]" = "iPhone Developer";
				GCC_PRECOMPILE_PREFIX_HEADER = YES;
				GCC_PREFIX_HEADER = "Scribly/Scribly-Prefix.pch";
				INFOPLIST_FILE = "Scribly/Scribly-Info.plist";
				PRODUCT_NAME = "$(TARGET_NAME)";
				PROVISIONING_PROFILE = "";
				WRAPPER_EXTENSION = app;
			};
			name = Debug;
		};
		9367237317F7751A00CE0209 /* Release */ = {
			isa = XCBuildConfiguration;
			baseConfigurationReference = EF1A857AE02440FA9998FC8B /* Pods.xcconfig */;
			buildSettings = {
				ASSETCATALOG_COMPILER_APPICON_NAME = AppIcon;
				ASSETCATALOG_COMPILER_LAUNCHIMAGE_NAME = LaunchImage;
				CODE_SIGN_IDENTITY = "iPhone Developer";
				"CODE_SIGN_IDENTITY[sdk=iphoneos*]" = "iPhone Developer";
				GCC_PRECOMPILE_PREFIX_HEADER = YES;
				GCC_PREFIX_HEADER = "Scribly/Scribly-Prefix.pch";
				INFOPLIST_FILE = "Scribly/Scribly-Info.plist";
				PRODUCT_NAME = "$(TARGET_NAME)";
				PROVISIONING_PROFILE = "";
				WRAPPER_EXTENSION = app;
			};
			name = Release;
		};
		9367237517F7751A00CE0209 /* Debug */ = {
			isa = XCBuildConfiguration;
			buildSettings = {
				ARCHS = "$(ARCHS_STANDARD_INCLUDING_64_BIT)";
				BUNDLE_LOADER = "$(BUILT_PRODUCTS_DIR)/Scribly.app/Scribly";
				FRAMEWORK_SEARCH_PATHS = (
					"$(SDKROOT)/Developer/Library/Frameworks",
					"$(inherited)",
					"$(DEVELOPER_FRAMEWORKS_DIR)",
				);
				GCC_PRECOMPILE_PREFIX_HEADER = YES;
				GCC_PREFIX_HEADER = "Scribly/Scribly-Prefix.pch";
				GCC_PREPROCESSOR_DEFINITIONS = (
					"DEBUG=1",
					"$(inherited)",
				);
				INFOPLIST_FILE = "ScriblyTests/ScriblyTests-Info.plist";
				PRODUCT_NAME = "$(TARGET_NAME)";
				TEST_HOST = "$(BUNDLE_LOADER)";
				WRAPPER_EXTENSION = xctest;
			};
			name = Debug;
		};
		9367237617F7751A00CE0209 /* Release */ = {
			isa = XCBuildConfiguration;
			buildSettings = {
				ARCHS = "$(ARCHS_STANDARD_INCLUDING_64_BIT)";
				BUNDLE_LOADER = "$(BUILT_PRODUCTS_DIR)/Scribly.app/Scribly";
				FRAMEWORK_SEARCH_PATHS = (
					"$(SDKROOT)/Developer/Library/Frameworks",
					"$(inherited)",
					"$(DEVELOPER_FRAMEWORKS_DIR)",
				);
				GCC_PRECOMPILE_PREFIX_HEADER = YES;
				GCC_PREFIX_HEADER = "Scribly/Scribly-Prefix.pch";
				INFOPLIST_FILE = "ScriblyTests/ScriblyTests-Info.plist";
				PRODUCT_NAME = "$(TARGET_NAME)";
				TEST_HOST = "$(BUNDLE_LOADER)";
				WRAPPER_EXTENSION = xctest;
			};
			name = Release;
		};
/* End XCBuildConfiguration section */

/* Begin XCConfigurationList section */
		9367233A17F7751A00CE0209 /* Build configuration list for PBXProject "Scribly" */ = {
			isa = XCConfigurationList;
			buildConfigurations = (
				9367236F17F7751A00CE0209 /* Debug */,
				9367237017F7751A00CE0209 /* Release */,
			);
			defaultConfigurationIsVisible = 0;
			defaultConfigurationName = Release;
		};
		9367237117F7751A00CE0209 /* Build configuration list for PBXNativeTarget "Scribly" */ = {
			isa = XCConfigurationList;
			buildConfigurations = (
				9367237217F7751A00CE0209 /* Debug */,
				9367237317F7751A00CE0209 /* Release */,
			);
			defaultConfigurationIsVisible = 0;
			defaultConfigurationName = Release;
		};
		9367237417F7751A00CE0209 /* Build configuration list for PBXNativeTarget "ScriblyTests" */ = {
			isa = XCConfigurationList;
			buildConfigurations = (
				9367237517F7751A00CE0209 /* Debug */,
				9367237617F7751A00CE0209 /* Release */,
			);
			defaultConfigurationIsVisible = 0;
			defaultConfigurationName = Release;
		};
/* End XCConfigurationList section */

/* Begin XCVersionGroup section */
		9367235617F7751A00CE0209 /* Scribly.xcdatamodeld */ = {
			isa = XCVersionGroup;
			children = (
				9367235717F7751A00CE0209 /* Scribly.xcdatamodel */,
			);
			currentVersion = 9367235717F7751A00CE0209 /* Scribly.xcdatamodel */;
			path = Scribly.xcdatamodeld;
			sourceTree = "<group>";
			versionGroupType = wrapper.xcdatamodel;
		};
/* End XCVersionGroup section */
	};
	rootObject = 9367233717F7751A00CE0209 /* Project object */;
}
